
Microsoft Visual Studio Solution File, Format Version 12.00
# Visual Studio Version 17
VisualStudioVersion = 17.10.34707.107
MinimumVisualStudioVersion = 10.0.40219.1
Project("{FAE04EC0-301F-11D3-BF4B-00C04F79EFBC}") = "IronLip", "src\IronLip\IronLip.csproj", "{805F3F27-C09B-489B-A7CA-501D40D81710}"
EndProject
Project("{FAE04EC0-301F-11D3-BF4B-00C04F79EFBC}") = "IronLip.Console", "src\IronLip.Console\IronLip.Console.csproj", "{288B4625-07A4-452B-B122-7C966436055E}"
EndProject
Global
	GlobalSection(SolutionConfigurationPlatforms) = preSolution
		Debug|Any CPU = Debug|Any CPU
		Release|Any CPU = Release|Any CPU
	EndGlobalSection
	GlobalSection(ProjectConfigurationPlatforms) = postSolution
		{805F3F27-C09B-489B-A7CA-501D40D81710}.Debug|Any CPU.ActiveCfg = Debug|Any CPU
		{805F3F27-C09B-489B-A7CA-501D40D81710}.Debug|Any CPU.Build.0 = Debug|Any CPU
		{805F3F27-C09B-489B-A7CA-501D40D81710}.Release|Any CPU.ActiveCfg = Release|Any CPU
		{805F3F27-C09B-489B-A7CA-501D40D81710}.Release|Any CPU.Build.0 = Release|Any CPU
		{288B4625-07A4-452B-B122-7C966436055E}.Debug|Any CPU.ActiveCfg = Debug|Any CPU
		{288B4625-07A4-452B-B122-7C966436055E}.Debug|Any CPU.Build.0 = Debug|Any CPU
		{288B4625-07A4-452B-B122-7C966436055E}.Release|Any CPU.ActiveCfg = Release|Any CPU
		{288B4625-07A4-452B-B122-7C966436055E}.Release|Any CPU.Build.0 = Release|Any CPU
	EndGlobalSection
	GlobalSection(SolutionProperties) = preSolution
		HideSolutionNode = FALSE
	EndGlobalSection
	GlobalSection(ExtensibilityGlobals) = postSolution
		SolutionGuid = {CE8383DC-E912-4EDE-95C9-461B40A542E4}
	EndGlobalSection
EndGlobal
